{
  "name": "dcl-project",
  "version": "1.0.0",
  "lockfileVersion": 1,
  "requires": true,
  "dependencies": {
    "commander": {
      "version": "2.20.3",
      "resolved": "https://registry.npmjs.org/commander/-/commander-2.20.3.tgz",
      "integrity": "sha512-GpVkmM8vF2vQUkj2LvZmD35JxeJOLCwJ9cUkugyk2nuhbv3+mJvpLYYt+0+USMxE+oj+ey/lJEnhZw75x/OMcQ==",
      "dev": true
    },
    "decentraland-ecs": {
      "version": "6.4.8",
      "resolved": "https://registry.npmjs.org/decentraland-ecs/-/decentraland-ecs-6.4.8.tgz",
      "integrity": "sha512-os6t2/eqi2TdfW7sl7ZCoMteIxmRpRUOV8Z5ddwdsjU/B3LL8NWp4x/G8MToZ/Rkw1sd4F9SRfeBChdo6xAnCQ==",
      "dev": true,
      "requires": {
        "typescript": "^3.8.3",
        "uglify-js": "^3.5.2"
      }
    },
    "decentraland-ecs-utils": {
      "version": "1.1.4",
      "resolved": "https://registry.npmjs.org/decentraland-ecs-utils/-/decentraland-ecs-utils-1.1.4.tgz",
      "integrity": "sha512-OVVvkeF7bLbE6HmA4XhsP9X2gawvsh8lwqcK49Olm8sz+3I3YtZxZk9IMdjjsPAYyX1B/08v0ZDjSZdWBIm2lw=="
    },
    "typescript": {
      "version": "3.8.3",
      "resolved": "https://registry.npmjs.org/typescript/-/typescript-3.8.3.tgz",
      "integrity": "sha512-MYlEfn5VrLNsgudQTVJeNaQFUAI7DkhnOjdpAp4T+ku1TfQClewlbSuTVHiA+8skNBgaf02TL/kLOvig4y3G8w==",
      "dev": true
    },
    "uglify-js": {
      "version": "3.9.2",
      "resolved": "https://registry.npmjs.org/uglify-js/-/uglify-js-3.9.2.tgz",
      "integrity": "sha512-zGVwKslUAD/EeqOrD1nQaBmXIHl1Vw371we8cvS8I6mYK9rmgX5tv8AAeJdfsQ3Kk5mGax2SVV/AizxdNGhl7Q==",
      "dev": true,
      "requires": {
        "commander": "~2.20.3"
      }
    }
  }
}
